
Microsoft Visual Studio Solution File, Format Version 12.00
# Visual Studio Version 16
VisualStudioVersion = 16.0.30709.132
MinimumVisualStudioVersion = 10.0.40219.1
Project("{FAE04EC0-301F-11D3-BF4B-00C04F79EFBC}") = "PS3_Q1", "PS3_Q1.csproj", "{ABE4FB2B-C6A4-4CB7-8F05-42F080AD76CC}"
EndProject
Global
	GlobalSection(SolutionConfigurationPlatforms) = preSolution
		Debug|Any CPU = Debug|Any CPU
		Release|Any CPU = Release|Any CPU
	EndGlobalSection
	GlobalSection(ProjectConfigurationPlatforms) = postSolution
		{ABE4FB2B-C6A4-4CB7-8F05-42F080AD76CC}.Debug|Any CPU.ActiveCfg = Debug|Any CPU
		{ABE4FB2B-C6A4-4CB7-8F05-42F080AD76CC}.Debug|Any CPU.Build.0 = Debug|Any CPU
		{ABE4FB2B-C6A4-4CB7-8F05-42F080AD76CC}.Release|Any CPU.ActiveCfg = Release|Any CPU
		{ABE4FB2B-C6A4-4CB7-8F05-42F080AD76CC}.Release|Any CPU.Build.0 = Release|Any CPU
	EndGlobalSection
	GlobalSection(SolutionProperties) = preSolution
		HideSolutionNode = FALSE
	EndGlobalSection
	GlobalSection(ExtensibilityGlobals) = postSolution
		SolutionGuid = {A7F19756-AABD-4207-BD1B-20C7224A635B}
	EndGlobalSection
EndGlobal
